
Microsoft Visual Studio Solution File, Format Version 12.00
# Visual Studio Version 16
VisualStudioVersion = 16.0.31624.102
MinimumVisualStudioVersion = 10.0.40219.1
Project("{FAE04EC0-301F-11D3-BF4B-00C04F79EFBC}") = "BrowserTravelSolutions", "BrowserTravelSolutions\BrowserTravelSolutions.csproj", "{E98F7632-5789-4AF1-A3B1-5728EAD20CFC}"
EndProject
Project("{2150E333-8FDC-42A3-9474-1A3956D46DE8}") = "Src", "Src", "{6A2B7A35-0CC7-4C52-9658-8BE1412DA027}"
EndProject
Project("{2150E333-8FDC-42A3-9474-1A3956D46DE8}") = "Presentation", "Presentation", "{DDA555D9-99A7-4D12-B3E7-ECEB9789E5CB}"
EndProject
Project("{2150E333-8FDC-42A3-9474-1A3956D46DE8}") = "Core", "Core", "{97ECF736-5FAE-4154-860C-A91222E3A759}"
EndProject
Project("{FAE04EC0-301F-11D3-BF4B-00C04F79EFBC}") = "Domain", "Domain\Domain.csproj", "{E3AED39F-9009-4BEC-A8A6-F8FA4410B9B4}"
EndProject
Global
	GlobalSection(SolutionConfigurationPlatforms) = preSolution
		Debug|Any CPU = Debug|Any CPU
		Release|Any CPU = Release|Any CPU
	EndGlobalSection
	GlobalSection(ProjectConfigurationPlatforms) = postSolution
		{E98F7632-5789-4AF1-A3B1-5728EAD20CFC}.Debug|Any CPU.ActiveCfg = Debug|Any CPU
		{E98F7632-5789-4AF1-A3B1-5728EAD20CFC}.Debug|Any CPU.Build.0 = Debug|Any CPU
		{E98F7632-5789-4AF1-A3B1-5728EAD20CFC}.Release|Any CPU.ActiveCfg = Release|Any CPU
		{E98F7632-5789-4AF1-A3B1-5728EAD20CFC}.Release|Any CPU.Build.0 = Release|Any CPU
		{E3AED39F-9009-4BEC-A8A6-F8FA4410B9B4}.Debug|Any CPU.ActiveCfg = Debug|Any CPU
		{E3AED39F-9009-4BEC-A8A6-F8FA4410B9B4}.Debug|Any CPU.Build.0 = Debug|Any CPU
		{E3AED39F-9009-4BEC-A8A6-F8FA4410B9B4}.Release|Any CPU.ActiveCfg = Release|Any CPU
		{E3AED39F-9009-4BEC-A8A6-F8FA4410B9B4}.Release|Any CPU.Build.0 = Release|Any CPU
	EndGlobalSection
	GlobalSection(SolutionProperties) = preSolution
		HideSolutionNode = FALSE
	EndGlobalSection
	GlobalSection(NestedProjects) = preSolution
		{E98F7632-5789-4AF1-A3B1-5728EAD20CFC} = {DDA555D9-99A7-4D12-B3E7-ECEB9789E5CB}
		{DDA555D9-99A7-4D12-B3E7-ECEB9789E5CB} = {6A2B7A35-0CC7-4C52-9658-8BE1412DA027}
		{97ECF736-5FAE-4154-860C-A91222E3A759} = {6A2B7A35-0CC7-4C52-9658-8BE1412DA027}
		{E3AED39F-9009-4BEC-A8A6-F8FA4410B9B4} = {97ECF736-5FAE-4154-860C-A91222E3A759}
	EndGlobalSection
	GlobalSection(ExtensibilityGlobals) = postSolution
		SolutionGuid = {058700FE-105F-45EE-AD36-06F13C43FE54}
	EndGlobalSection
EndGlobal
